github.com/chenqinghe/baidu-ai-go-sdk v0.2.8 h1:gXulnLiI+rZ2vtJbN17qYQtgpObSyX0+HWklWZjPJD0=
github.com/chenqinghe/baidu-ai-go-sdk v0.2.8/go.mod h1:FZqcKNXYC7Ysp53bi8zlLh6SjX5SBFOUaAMV7RBrW0E=
github.com/imroc/req v0.2.4 h1:8XbvaQpERLAJV6as/cB186DtH5f0m5zAOtHEaTQ4ac0=
github.com/imroc/req v0.2.4/go.mod h1:J9FsaNHDTIVyW/b5r6/Df5qKEEEq2WzZKIgKSajd1AE=
